// !$*UTF8*$!
{
	archiveVersion = 1;
	classes = {
	};
	objectVersion = 55;
	objects = {

/* Begin PBXBuildFile section */
		2AC6EB06289BB82F0062C8F0 /* AppDelegate.swift in Sources */ = {isa = PBXBuildFile; fileRef = 2AC6EB05289BB82F0062C8F0 /* AppDelegate.swift */; };
		2AC6EB08289BB82F0062C8F0 /* SceneDelegate.swift in Sources */ = {isa = PBXBuildFile; fileRef = 2AC6EB07289BB82F0062C8F0 /* SceneDelegate.swift */; };
		2AC6EB0D289BB82F0062C8F0 /* Main.storyboard in Resources */ = {isa = PBXBuildFile; fileRef = 2AC6EB0B289BB82F0062C8F0 /* Main.storyboard */; };
		2AC6EB0F289BB8340062C8F0 /* Assets.xcassets in Resources */ = {isa = PBXBuildFile; fileRef = 2AC6EB0E289BB8340062C8F0 /* Assets.xcassets */; };
		2AC6EB12289BB8340062C8F0 /* LaunchScreen.storyboard in Resources */ = {isa = PBXBuildFile; fileRef = 2AC6EB10289BB8340062C8F0 /* LaunchScreen.storyboard */; };
		2AC6EB20289BBD6C0062C8F0 /* SuseongDotum.ttf in Resources */ = {isa = PBXBuildFile; fileRef = 2AC6EB1F289BBD680062C8F0 /* SuseongDotum.ttf */; };
		2AC6EB22289BBFD90062C8F0 /* WeatherVC.swift in Sources */ = {isa = PBXBuildFile; fileRef = 2AC6EB21289BBFD90062C8F0 /* WeatherVC.swift */; };
		2AC6EB24289BC0070062C8F0 /* WeatherViewModel.swift in Sources */ = {isa = PBXBuildFile; fileRef = 2AC6EB23289BC0070062C8F0 /* WeatherViewModel.swift */; };
		2AC6EB26289BC0110062C8F0 /* WeatherModel.swift in Sources */ = {isa = PBXBuildFile; fileRef = 2AC6EB25289BC0110062C8F0 /* WeatherModel.swift */; };
		2AC6EB28289BC0250062C8F0 /* WeatherFunction.swift in Sources */ = {isa = PBXBuildFile; fileRef = 2AC6EB27289BC0250062C8F0 /* WeatherFunction.swift */; };
		2AC6EB2A289BC0340062C8F0 /* WeatherEntity.swift in Sources */ = {isa = PBXBuildFile; fileRef = 2AC6EB29289BC0340062C8F0 /* WeatherEntity.swift */; };
/* End PBXBuildFile section */

/* Begin PBXFileReference section */
		2AC6EB02289BB82F0062C8F0 /* LocationWeather.app */ = {isa = PBXFileReference; explicitFileType = wrapper.application; includeInIndex = 0; path = LocationWeather.app; sourceTree = BUILT_PRODUCTS_DIR; };
		2AC6EB05289BB82F0062C8F0 /* AppDelegate.swift */ = {isa = PBXFileReference; lastKnownFileType = sourcecode.swift; path = AppDelegate.swift; sourceTree = "<group>"; };
		2AC6EB07289BB82F0062C8F0 /* SceneDelegate.swift */ = {isa = PBXFileReference; lastKnownFileType = sourcecode.swift; path = SceneDelegate.swift; sourceTree = "<group>"; };
		2AC6EB0C289BB82F0062C8F0 /* Base */ = {isa = PBXFileReference; lastKnownFileType = file.storyboard; name = Base; path = Base.lproj/Main.storyboard; sourceTree = "<group>"; };
		2AC6EB0E289BB8340062C8F0 /* Assets.xcassets */ = {isa = PBXFileReference; lastKnownFileType = folder.assetcatalog; path = Assets.xcassets; sourceTree = "<group>"; };
		2AC6EB11289BB8340062C8F0 /* Base */ = {isa = PBXFileReference; lastKnownFileType = file.storyboard; name = Base; path = Base.lproj/LaunchScreen.storyboard; sourceTree = "<group>"; };
		2AC6EB13289BB8340062C8F0 /* Info.plist */ = {isa = PBXFileReference; lastKnownFileType = text.plist.xml; path = Info.plist; sourceTree = "<group>"; };
		2AC6EB1F289BBD680062C8F0 /* SuseongDotum.ttf */ = {isa = PBXFileReference; lastKnownFileType = file; path = SuseongDotum.ttf; sourceTree = "<group>"; };
		2AC6EB21289BBFD90062C8F0 /* WeatherVC.swift */ = {isa = PBXFileReference; lastKnownFileType = sourcecode.swift; path = WeatherVC.swift; sourceTree = "<group>"; };
		2AC6EB23289BC0070062C8F0 /* WeatherViewModel.swift */ = {isa = PBXFileReference; lastKnownFileType = sourcecode.swift; path = WeatherViewModel.swift; sourceTree = "<group>"; };
		2AC6EB25289BC0110062C8F0 /* WeatherModel.swift */ = {isa = PBXFileReference; lastKnownFileType = sourcecode.swift; path = WeatherModel.swift; sourceTree = "<group>"; };
		2AC6EB27289BC0250062C8F0 /* WeatherFunction.swift */ = {isa = PBXFileReference; lastKnownFileType = sourcecode.swift; path = WeatherFunction.swift; sourceTree = "<group>"; };
		2AC6EB29289BC0340062C8F0 /* WeatherEntity.swift */ = {isa = PBXFileReference; lastKnownFileType = sourcecode.swift; path = WeatherEntity.swift; sourceTree = "<group>"; };
/* End PBXFileReference section */

/* Begin PBXFrameworksBuildPhase section */
		2AC6EAFF289BB82F0062C8F0 /* Frameworks */ = {
			isa = PBXFrameworksBuildPhase;
			buildActionMask = 2147483647;
			files = (
			);
			runOnlyForDeploymentPostprocessing = 0;
		};
/* End PBXFrameworksBuildPhase section */

/* Begin PBXGroup section */
		2AC6EAF9289BB82F0062C8F0 = {
			isa = PBXGroup;
			children = (
				2AC6EB04289BB82F0062C8F0 /* LocationWeather */,
				2AC6EB03289BB82F0062C8F0 /* Products */,
			);
			sourceTree = "<group>";
		};
		2AC6EB03289BB82F0062C8F0 /* Products */ = {
			isa = PBXGroup;
			children = (
				2AC6EB02289BB82F0062C8F0 /* LocationWeather.app */,
			);
			name = Products;
			sourceTree = "<group>";
		};
		2AC6EB04289BB82F0062C8F0 /* LocationWeather */ = {
			isa = PBXGroup;
			children = (
				2AC6EB1B289BBD1A0062C8F0 /* Model */,
				2AC6EB19289BBD080062C8F0 /* View */,
				2AC6EB1A289BBD100062C8F0 /* ViewModel */,
				2AC6EB1D289BBD260062C8F0 /* Style */,
				2AC6EB1C289BBD200062C8F0 /* Util */,
				2AC6EB05289BB82F0062C8F0 /* AppDelegate.swift */,
				2AC6EB07289BB82F0062C8F0 /* SceneDelegate.swift */,
				2AC6EB0B289BB82F0062C8F0 /* Main.storyboard */,
				2AC6EB0E289BB8340062C8F0 /* Assets.xcassets */,
				2AC6EB10289BB8340062C8F0 /* LaunchScreen.storyboard */,
				2AC6EB13289BB8340062C8F0 /* Info.plist */,
			);
			path = LocationWeather;
			sourceTree = "<group>";
		};
		2AC6EB19289BBD080062C8F0 /* View */ = {
			isa = PBXGroup;
			children = (
				2AC6EB21289BBFD90062C8F0 /* WeatherVC.swift */,
			);
			path = View;
			sourceTree = "<group>";
		};
		2AC6EB1A289BBD100062C8F0 /* ViewModel */ = {
			isa = PBXGroup;
			children = (
				2AC6EB23289BC0070062C8F0 /* WeatherViewModel.swift */,
			);
			path = ViewModel;
			sourceTree = "<group>";
		};
		2AC6EB1B289BBD1A0062C8F0 /* Model */ = {
			isa = PBXGroup;
			children = (
				2AC6EB25289BC0110062C8F0 /* WeatherModel.swift */,
				2AC6EB27289BC0250062C8F0 /* WeatherFunction.swift */,
				2AC6EB29289BC0340062C8F0 /* WeatherEntity.swift */,
			);
			path = Model;
			sourceTree = "<group>";
		};
		2AC6EB1C289BBD200062C8F0 /* Util */ = {
			isa = PBXGroup;
			children = (
			);
			path = Util;
			sourceTree = "<group>";
		};
		2AC6EB1D289BBD260062C8F0 /* Style */ = {
			isa = PBXGroup;
			children = (
				2AC6EB1E289BBD5E0062C8F0 /* Font */,
			);
			path = Style;
			sourceTree = "<group>";
		};
		2AC6EB1E289BBD5E0062C8F0 /* Font */ = {
			isa = PBXGroup;
			children = (
				2AC6EB1F289BBD680062C8F0 /* SuseongDotum.ttf */,
			);
			path = Font;
			sourceTree = "<group>";
		};
/* End PBXGroup section */

/* Begin PBXNativeTarget section */
		2AC6EB01289BB82F0062C8F0 /* LocationWeather */ = {
			isa = PBXNativeTarget;
			buildConfigurationList = 2AC6EB16289BB8340062C8F0 /* Build configuration list for PBXNativeTarget "LocationWeather" */;
			buildPhases = (
				2AC6EAFE289BB82F0062C8F0 /* Sources */,
				2AC6EAFF289BB82F0062C8F0 /* Frameworks */,
				2AC6EB00289BB82F0062C8F0 /* Resources */,
			);
			buildRules = (
			);
			dependencies = (
			);
			name = LocationWeather;
			productName = LocationWeather;
			productReference = 2AC6EB02289BB82F0062C8F0 /* LocationWeather.app */;
			productType = "com.apple.product-type.application";
		};
/* End PBXNativeTarget section */

/* Begin PBXProject section */
		2AC6EAFA289BB82F0062C8F0 /* Project object */ = {
			isa = PBXProject;
			attributes = {
				BuildIndependentTargetsInParallel = 1;
				LastSwiftUpdateCheck = 1330;
				LastUpgradeCheck = 1330;
				TargetAttributes = {
					2AC6EB01289BB82F0062C8F0 = {
						CreatedOnToolsVersion = 13.3;
					};
				};
			};
			buildConfigurationList = 2AC6EAFD289BB82F0062C8F0 /* Build configuration list for PBXProject "LocationWeather" */;
			compatibilityVersion = "Xcode 13.0";
			developmentRegion = en;
			hasScannedForEncodings = 0;
			knownRegions = (
				en,
				Base,
			);
			mainGroup = 2AC6EAF9289BB82F0062C8F0;
			productRefGroup = 2AC6EB03289BB82F0062C8F0 /* Products */;
			projectDirPath = "";
			projectRoot = "";
			targets = (
				2AC6EB01289BB82F0062C8F0 /* LocationWeather */,
			);
		};
/* End PBXProject section */

/* Begin PBXResourcesBuildPhase section */
		2AC6EB00289BB82F0062C8F0 /* Resources */ = {
			isa = PBXResourcesBuildPhase;
			buildActionMask = 2147483647;
			files = (
				2AC6EB12289BB8340062C8F0 /* LaunchScreen.storyboard in Resources */,
				2AC6EB20289BBD6C0062C8F0 /* SuseongDotum.ttf in Resources */,
				2AC6EB0F289BB8340062C8F0 /* Assets.xcassets in Resources */,
				2AC6EB0D289BB82F0062C8F0 /* Main.storyboard in Resources */,
			);
			runOnlyForDeploymentPostprocessing = 0;
		};
/* End PBXResourcesBuildPhase section */

/* Begin PBXSourcesBuildPhase section */
		2AC6EAFE289BB82F0062C8F0 /* Sources */ = {
			isa = PBXSourcesBuildPhase;
			buildActionMask = 2147483647;
			files = (
				2AC6EB22289BBFD90062C8F0 /* WeatherVC.swift in Sources */,
				2AC6EB06289BB82F0062C8F0 /* AppDelegate.swift in Sources */,
				2AC6EB28289BC0250062C8F0 /* WeatherFunction.swift in Sources */,
				2AC6EB2A289BC0340062C8F0 /* WeatherEntity.swift in Sources */,
				2AC6EB08289BB82F0062C8F0 /* SceneDelegate.swift in Sources */,
				2AC6EB26289BC0110062C8F0 /* WeatherModel.swift in Sources */,
				2AC6EB24289BC0070062C8F0 /* WeatherViewModel.swift in Sources */,
			);
			runOnlyForDeploymentPostprocessing = 0;
		};
/* End PBXSourcesBuildPhase section */

/* Begin PBXVariantGroup section */
		2AC6EB0B289BB82F0062C8F0 /* Main.storyboard */ = {
			isa = PBXVariantGroup;
			children = (
				2AC6EB0C289BB82F0062C8F0 /* Base */,
			);
			name = Main.storyboard;
			sourceTree = "<group>";
		};
		2AC6EB10289BB8340062C8F0 /* LaunchScreen.storyboard */ = {
			isa = PBXVariantGroup;
			children = (
				2AC6EB11289BB8340062C8F0 /* Base */,
			);
			name = LaunchScreen.storyboard;
			sourceTree = "<group>";
		};
/* End PBXVariantGroup section */

/* Begin XCBuildConfiguration section */
		2AC6EB14289BB8340062C8F0 /* Debug */ = {
			isa = XCBuildConfiguration;
			buildSettings = {
				ALWAYS_SEARCH_USER_PATHS = NO;
				CLANG_ANALYZER_NONNULL = YES;
				CLANG_ANALYZER_NUMBER_OBJECT_CONVERSION = YES_AGGRESSIVE;
				CLANG_CXX_LANGUAGE_STANDARD = "gnu++17";
				CLANG_ENABLE_MODULES = YES;
				CLANG_ENABLE_OBJC_ARC = YES;
				CLANG_ENABLE_OBJC_WEAK = YES;
				CLANG_WARN_BLOCK_CAPTURE_AUTORELEASING = YES;
				CLANG_WARN_BOOL_CONVERSION = YES;
				CLANG_WARN_COMMA = YES;
				CLANG_WARN_CONSTANT_CONVERSION = YES;
				CLANG_WARN_DEPRECATED_OBJC_IMPLEMENTATIONS = YES;
				CLANG_WARN_DIRECT_OBJC_ISA_USAGE = YES_ERROR;
				CLANG_WARN_DOCUMENTATION_COMMENTS = YES;
				CLANG_WARN_EMPTY_BODY = YES;
				CLANG_WARN_ENUM_CONVERSION = YES;
				CLANG_WARN_INFINITE_RECURSION = YES;
				CLANG_WARN_INT_CONVERSION = YES;
				CLANG_WARN_NON_LITERAL_NULL_CONVERSION = YES;
				CLANG_WARN_OBJC_IMPLICIT_RETAIN_SELF = YES;
				CLANG_WARN_OBJC_LITERAL_CONVERSION = YES;
				CLANG_WARN_OBJC_ROOT_CLASS = YES_ERROR;
				CLANG_WARN_QUOTED_INCLUDE_IN_FRAMEWORK_HEADER = YES;
				CLANG_WARN_RANGE_LOOP_ANALYSIS = YES;
				CLANG_WARN_STRICT_PROTOTYPES = YES;
				CLANG_WARN_SUSPICIOUS_MOVE = YES;
				CLANG_WARN_UNGUARDED_AVAILABILITY = YES_AGGRESSIVE;
				CLANG_WARN_UNREACHABLE_CODE = YES;
				CLANG_WARN__DUPLICATE_METHOD_MATCH = YES;
				COPY_PHASE_STRIP = NO;
				DEBUG_INFORMATION_FORMAT = dwarf;
				ENABLE_STRICT_OBJC_MSGSEND = YES;
				ENABLE_TESTABILITY = YES;
				GCC_C_LANGUAGE_STANDARD = gnu11;
				GCC_DYNAMIC_NO_PIC = NO;
				GCC_NO_COMMON_BLOCKS = YES;
				GCC_OPTIMIZATION_LEVEL = 0;
				GCC_PREPROCESSOR_DEFINITIONS = (
					"DEBUG=1",
					"$(inherited)",
				);
				GCC_WARN_64_TO_32_BIT_CONVERSION = YES;
				GCC_WARN_ABOUT_RETURN_TYPE = YES_ERROR;
				GCC_WARN_UNDECLARED_SELECTOR = YES;
				GCC_WARN_UNINITIALIZED_AUTOS = YES_AGGRESSIVE;
				GCC_WARN_UNUSED_FUNCTION = YES;
				GCC_WARN_UNUSED_VARIABLE = YES;
				IPHONEOS_DEPLOYMENT_TARGET = 15.4;
				MTL_ENABLE_DEBUG_INFO = INCLUDE_SOURCE;
				MTL_FAST_MATH = YES;
				ONLY_ACTIVE_ARCH = YES;
				SDKROOT = iphoneos;
				SWIFT_ACTIVE_COMPILATION_CONDITIONS = DEBUG;
				SWIFT_OPTIMIZATION_LEVEL = "-Onone";
			};
			name = Debug;
		};
		2AC6EB15289BB8340062C8F0 /* Release */ = {
			isa = XCBuildConfiguration;
			buildSettings = {
				ALWAYS_SEARCH_USER_PATHS = NO;
				CLANG_ANALYZER_NONNULL = YES;
				CLANG_ANALYZER_NUMBER_OBJECT_CONVERSION = YES_AGGRESSIVE;
				CLANG_CXX_LANGUAGE_STANDARD = "gnu++17";
				CLANG_ENABLE_MODULES = YES;
				CLANG_ENABLE_OBJC_ARC = YES;
				CLANG_ENABLE_OBJC_WEAK = YES;
				CLANG_WARN_BLOCK_CAPTURE_AUTORELEASING = YES;
				CLANG_WARN_BOOL_CONVERSION = YES;
				CLANG_WARN_COMMA = YES;
				CLANG_WARN_CONSTANT_CONVERSION = YES;
				CLANG_WARN_DEPRECATED_OBJC_IMPLEMENTATIONS = YES;
				CLANG_WARN_DIRECT_OBJC_ISA_USAGE = YES_ERROR;
				CLANG_WARN_DOCUMENTATION_COMMENTS = YES;
				CLANG_WARN_EMPTY_BODY = YES;
				CLANG_WARN_ENUM_CONVERSION = YES;
				CLANG_WARN_INFINITE_RECURSION = YES;
				CLANG_WARN_INT_CONVERSION = YES;
				CLANG_WARN_NON_LITERAL_NULL_CONVERSION = YES;
				CLANG_WARN_OBJC_IMPLICIT_RETAIN_SELF = YES;
				CLANG_WARN_OBJC_LITERAL_CONVERSION = YES;
				CLANG_WARN_OBJC_ROOT_CLASS = YES_ERROR;
				CLANG_WARN_QUOTED_INCLUDE_IN_FRAMEWORK_HEADER = YES;
				CLANG_WARN_RANGE_LOOP_ANALYSIS = YES;
				CLANG_WARN_STRICT_PROTOTYPES = YES;
				CLANG_WARN_SUSPICIOUS_MOVE = YES;
				CLANG_WARN_UNGUARDED_AVAILABILITY = YES_AGGRESSIVE;
				CLANG_WARN_UNREACHABLE_CODE = YES;
				CLANG_WARN__DUPLICATE_METHOD_MATCH = YES;
				COPY_PHASE_STRIP = NO;
				DEBUG_INFORMATION_FORMAT = "dwarf-with-dsym";
				ENABLE_NS_ASSERTIONS = NO;
				ENABLE_STRICT_OBJC_MSGSEND = YES;
				GCC_C_LANGUAGE_STANDARD = gnu11;
				GCC_NO_COMMON_BLOCKS = YES;
				GCC_WARN_64_TO_32_BIT_CONVERSION = YES;
				GCC_WARN_ABOUT_RETURN_TYPE = YES_ERROR;
				GCC_WARN_UNDECLARED_SELECTOR = YES;
				GCC_WARN_UNINITIALIZED_AUTOS = YES_AGGRESSIVE;
				GCC_WARN_UNUSED_FUNCTION = YES;
				GCC_WARN_UNUSED_VARIABLE = YES;
				IPHONEOS_DEPLOYMENT_TARGET = 15.4;
				MTL_ENABLE_DEBUG_INFO = NO;
				MTL_FAST_MATH = YES;
				SDKROOT = iphoneos;
				SWIFT_COMPILATION_MODE = wholemodule;
				SWIFT_OPTIMIZATION_LEVEL = "-O";
				VALIDATE_PRODUCT = YES;
			};
			name = Release;
		};
		2AC6EB17289BB8340062C8F0 /* Debug */ = {
			isa = XCBuildConfiguration;
			buildSettings = {
				ASSETCATALOG_COMPILER_APPICON_NAME = AppIcon;
				ASSETCATALOG_COMPILER_GLOBAL_ACCENT_COLOR_NAME = AccentColor;
				CODE_SIGN_STYLE = Automatic;
				CURRENT_PROJECT_VERSION = 1;
				DEVELOPMENT_TEAM = 68P2WV4DR3;
				GENERATE_INFOPLIST_FILE = YES;
				INFOPLIST_FILE = LocationWeather/Info.plist;
				INFOPLIST_KEY_UIApplicationSupportsIndirectInputEvents = YES;
				INFOPLIST_KEY_UILaunchStoryboardName = LaunchScreen;
				INFOPLIST_KEY_UIMainStoryboardFile = Main;
				INFOPLIST_KEY_UISupportedInterfaceOrientations_iPad = "UIInterfaceOrientationPortrait UIInterfaceOrientationPortraitUpsideDown UIInterfaceOrientationLandscapeLeft UIInterfaceOrientationLandscapeRight";
				INFOPLIST_KEY_UISupportedInterfaceOrientations_iPhone = "UIInterfaceOrientationPortrait UIInterfaceOrientationLandscapeLeft UIInterfaceOrientationLandscapeRight";
				LD_RUNPATH_SEARCH_PATHS = (
					"$(inherited)",
					"@executable_path/Frameworks",
				);
				MARKETING_VERSION = 1.0;
				PRODUCT_BUNDLE_IDENTIFIER = com.lily.LocationWeather;
				PRODUCT_NAME = "$(TARGET_NAME)";
				SWIFT_EMIT_LOC_STRINGS = YES;
				SWIFT_VERSION = 5.0;
				TARGETED_DEVICE_FAMILY = "1,2";
			};
			name = Debug;
		};
		2AC6EB18289BB8340062C8F0 /* Release */ = {
			isa = XCBuildConfiguration;
			buildSettings = {
				ASSETCATALOG_COMPILER_APPICON_NAME = AppIcon;
				ASSETCATALOG_COMPILER_GLOBAL_ACCENT_COLOR_NAME = AccentColor;
				CODE_SIGN_STYLE = Automatic;
				CURRENT_PROJECT_VERSION = 1;
				DEVELOPMENT_TEAM = 68P2WV4DR3;
				GENERATE_INFOPLIST_FILE = YES;
				INFOPLIST_FILE = LocationWeather/Info.plist;
				INFOPLIST_KEY_UIApplicationSupportsIndirectInputEvents = YES;
				INFOPLIST_KEY_UILaunchStoryboardName = LaunchScreen;
				INFOPLIST_KEY_UIMainStoryboardFile = Main;
				INFOPLIST_KEY_UISupportedInterfaceOrientations_iPad = "UIInterfaceOrientationPortrait UIInterfaceOrientationPortraitUpsideDown UIInterfaceOrientationLandscapeLeft UIInterfaceOrientationLandscapeRight";
				INFOPLIST_KEY_UISupportedInterfaceOrientations_iPhone = "UIInterfaceOrientationPortrait UIInterfaceOrientationLandscapeLeft UIInterfaceOrientationLandscapeRight";
				LD_RUNPATH_SEARCH_PATHS = (
					"$(inherited)",
					"@executable_path/Frameworks",
				);
				MARKETING_VERSION = 1.0;
				PRODUCT_BUNDLE_IDENTIFIER = com.lily.LocationWeather;
				PRODUCT_NAME = "$(TARGET_NAME)";
				SWIFT_EMIT_LOC_STRINGS = YES;
				SWIFT_VERSION = 5.0;
				TARGETED_DEVICE_FAMILY = "1,2";
			};
			name = Release;
		};
/* End XCBuildConfiguration section */

/* Begin XCConfigurationList section */
		2AC6EAFD289BB82F0062C8F0 /* Build configuration list for PBXProject "LocationWeather" */ = {
			isa = XCConfigurationList;
			buildConfigurations = (
				2AC6EB14289BB8340062C8F0 /* Debug */,
				2AC6EB15289BB8340062C8F0 /* Release */,
			);
			defaultConfigurationIsVisible = 0;
			defaultConfigurationName = Release;
		};
		2AC6EB16289BB8340062C8F0 /* Build configuration list for PBXNativeTarget "LocationWeather" */ = {
			isa = XCConfigurationList;
			buildConfigurations = (
				2AC6EB17289BB8340062C8F0 /* Debug */,
				2AC6EB18289BB8340062C8F0 /* Release */,
			);
			defaultConfigurationIsVisible = 0;
			defaultConfigurationName = Release;
		};
/* End XCConfigurationList section */
	};
	rootObject = 2AC6EAFA289BB82F0062C8F0 /* Project object */;
}
