// !$*UTF8*$!
{
	archiveVersion = 1;
	classes = {
	};
	objectVersion = 55;
	objects = {

/* Begin PBXBuildFile section */
		2A0D877A28A13DEB00576E56 /* Lottie in Frameworks */ = {isa = PBXBuildFile; productRef = 2A0D877928A13DEB00576E56 /* Lottie */; };
		2A0D877E28A1522B00576E56 /* good.json in Resources */ = {isa = PBXBuildFile; fileRef = 2A0D877D28A1522B00576E56 /* good.json */; };
		2A0D878028A1526A00576E56 /* weather.json in Resources */ = {isa = PBXBuildFile; fileRef = 2A0D877F28A1526A00576E56 /* weather.json */; };
		2A0D878228A1561600576E56 /* SplashVC.swift in Sources */ = {isa = PBXBuildFile; fileRef = 2A0D878128A1561600576E56 /* SplashVC.swift */; };
		2A0D878328A1662000576E56 /* SuseongDotum.ttf in Resources */ = {isa = PBXBuildFile; fileRef = 2AC6EB1F289BBD680062C8F0 /* SuseongDotum.ttf */; };
		2A0D878528A1667C00576E56 /* KOTRA_GOTHIC.ttf in Resources */ = {isa = PBXBuildFile; fileRef = 2A0D878428A1667700576E56 /* KOTRA_GOTHIC.ttf */; };
		2A0D878728A1754100576E56 /* DetailWeatherTableViewCell.swift in Sources */ = {isa = PBXBuildFile; fileRef = 2A0D878628A1754100576E56 /* DetailWeatherTableViewCell.swift */; };
		2A0D878928A175D300576E56 /* DetailWeatherVC.swift in Sources */ = {isa = PBXBuildFile; fileRef = 2A0D878828A175D300576E56 /* DetailWeatherVC.swift */; };
		2A0D878D28A188B500576E56 /* weather.csv in Resources */ = {isa = PBXBuildFile; fileRef = 2A0D878C28A188B500576E56 /* weather.csv */; };
		2A0D879328A18AAB00576E56 /* OtherLocationVC.swift in Sources */ = {isa = PBXBuildFile; fileRef = 2A0D879228A18AAB00576E56 /* OtherLocationVC.swift */; };
		2A0D879828A1A71E00576E56 /* OtherLocationDetailTableViewCell.swift in Sources */ = {isa = PBXBuildFile; fileRef = 2A0D879728A1A71E00576E56 /* OtherLocationDetailTableViewCell.swift */; };
		2A0D879B28A1AABD00576E56 /* OtherLocationSelectedVC.swift in Sources */ = {isa = PBXBuildFile; fileRef = 2A0D879A28A1AABD00576E56 /* OtherLocationSelectedVC.swift */; };
		2A0D87C628A1B80C00576E56 /* map_pinup_custom@3x.png in Resources */ = {isa = PBXBuildFile; fileRef = 2A0D87A128A1B80C00576E56 /* map_pinup_custom@3x.png */; };
		2A0D87C728A1B80C00576E56 /* map_pin_custom.png in Resources */ = {isa = PBXBuildFile; fileRef = 2A0D87A228A1B80C00576E56 /* map_pin_custom.png */; };
		2A0D87C828A1B80C00576E56 /* shadow_balloon.png in Resources */ = {isa = PBXBuildFile; fileRef = 2A0D87A328A1B80C00576E56 /* shadow_balloon.png */; };
		2A0D87C928A1B80C00576E56 /* map_pinup.png in Resources */ = {isa = PBXBuildFile; fileRef = 2A0D87A428A1B80C00576E56 /* map_pinup.png */; };
		2A0D87CA28A1B80C00576E56 /* detail_button.png in Resources */ = {isa = PBXBuildFile; fileRef = 2A0D87A528A1B80C00576E56 /* detail_button.png */; };
		2A0D87CB28A1B80C00576E56 /* map_pin_custom@3x.png in Resources */ = {isa = PBXBuildFile; fileRef = 2A0D87A628A1B80C00576E56 /* map_pin_custom@3x.png */; };
		2A0D87CC28A1B80C00576E56 /* map_pinup@3x.png in Resources */ = {isa = PBXBuildFile; fileRef = 2A0D87A728A1B80C00576E56 /* map_pinup@3x.png */; };
		2A0D87CD28A1B80C00576E56 /* map_pin_shadow@3x.png in Resources */ = {isa = PBXBuildFile; fileRef = 2A0D87A828A1B80C00576E56 /* map_pin_shadow@3x.png */; };
		2A0D87CE28A1B80C00576E56 /* copyright.png in Resources */ = {isa = PBXBuildFile; fileRef = 2A0D87A928A1B80C00576E56 /* copyright.png */; };
		2A0D87CF28A1B80C00576E56 /* th_line.png in Resources */ = {isa = PBXBuildFile; fileRef = 2A0D87AA28A1B80C00576E56 /* th_line.png */; };
		2A0D87D028A1B80C00576E56 /* map_pin_red@3x.png in Resources */ = {isa = PBXBuildFile; fileRef = 2A0D87AB28A1B80C00576E56 /* map_pin_red@3x.png */; };
		2A0D87D128A1B80C00576E56 /* daum_copyright.png in Resources */ = {isa = PBXBuildFile; fileRef = 2A0D87AC28A1B80C00576E56 /* daum_copyright.png */; };
		2A0D87D228A1B80C00576E56 /* map_pin@3x.png in Resources */ = {isa = PBXBuildFile; fileRef = 2A0D87AD28A1B80C00576E56 /* map_pin@3x.png */; };
		2A0D87D328A1B80C00576E56 /* map_present_tracking.png in Resources */ = {isa = PBXBuildFile; fileRef = 2A0D87AE28A1B80C00576E56 /* map_present_tracking.png */; };
		2A0D87D428A1B80C00576E56 /* map_pin_red.png in Resources */ = {isa = PBXBuildFile; fileRef = 2A0D87AF28A1B80C00576E56 /* map_pin_red.png */; };
		2A0D87D528A1B80C00576E56 /* info_box.png in Resources */ = {isa = PBXBuildFile; fileRef = 2A0D87B928A1B80C00576E56 /* info_box.png */; };
		2A0D87D628A1B80C00576E56 /* point_sprite.png in Resources */ = {isa = PBXBuildFile; fileRef = 2A0D87BA28A1B80C00576E56 /* point_sprite.png */; };
		2A0D87D728A1B80C00576E56 /* map_pinup_custom.png in Resources */ = {isa = PBXBuildFile; fileRef = 2A0D87BB28A1B80C00576E56 /* map_pinup_custom.png */; };
		2A0D87D828A1B80C00576E56 /* info_box_tail.png in Resources */ = {isa = PBXBuildFile; fileRef = 2A0D87BC28A1B80C00576E56 /* info_box_tail.png */; };
		2A0D87D928A1B80C00576E56 /* noimage256.png in Resources */ = {isa = PBXBuildFile; fileRef = 2A0D87BD28A1B80C00576E56 /* noimage256.png */; };
		2A0D87DA28A1B80C00576E56 /* map_present_direction.png in Resources */ = {isa = PBXBuildFile; fileRef = 2A0D87BE28A1B80C00576E56 /* map_present_direction.png */; };
		2A0D87DB28A1B80C00576E56 /* map_pin.png in Resources */ = {isa = PBXBuildFile; fileRef = 2A0D87BF28A1B80C00576E56 /* map_pin.png */; };
		2A0D87DC28A1B80C00576E56 /* map_present.png in Resources */ = {isa = PBXBuildFile; fileRef = 2A0D87C028A1B80C00576E56 /* map_present.png */; };
		2A0D87DD28A1B80C00576E56 /* noimage.png in Resources */ = {isa = PBXBuildFile; fileRef = 2A0D87C128A1B80C00576E56 /* noimage.png */; };
		2A0D87DE28A1B80C00576E56 /* map_present_background_update.png in Resources */ = {isa = PBXBuildFile; fileRef = 2A0D87C228A1B80C00576E56 /* map_present_background_update.png */; };
		2A0D87DF28A1B80C00576E56 /* daum_th_line.png in Resources */ = {isa = PBXBuildFile; fileRef = 2A0D87C328A1B80C00576E56 /* daum_th_line.png */; };
		2A0D87E028A1B80C00576E56 /* map_pin_shadow.png in Resources */ = {isa = PBXBuildFile; fileRef = 2A0D87C428A1B80C00576E56 /* map_pin_shadow.png */; };
		2A0D87E128A1B80C00576E56 /* DaumMap.framework in Frameworks */ = {isa = PBXBuildFile; fileRef = 2A0D87C528A1B80C00576E56 /* DaumMap.framework */; };
		2A0D87E328A1B83400576E56 /* OpenGLES.framework in Frameworks */ = {isa = PBXBuildFile; fileRef = 2A0D87E228A1B83400576E56 /* OpenGLES.framework */; };
		2A0D87E528A1B84D00576E56 /* SystemConfiguration.framework in Frameworks */ = {isa = PBXBuildFile; fileRef = 2A0D87E428A1B84D00576E56 /* SystemConfiguration.framework */; };
		2A0D87E728A1B85C00576E56 /* CoreLocation.framework in Frameworks */ = {isa = PBXBuildFile; fileRef = 2A0D87E628A1B85C00576E56 /* CoreLocation.framework */; };
		2A0D87E928A1B86600576E56 /* QuartzCore.framework in Frameworks */ = {isa = PBXBuildFile; fileRef = 2A0D87E828A1B86600576E56 /* QuartzCore.framework */; };
		2A0D87ED28A1B8A800576E56 /* libc++.tbd in Frameworks */ = {isa = PBXBuildFile; fileRef = 2A0D87EA28A1B87200576E56 /* libc++.tbd */; };
		2A0D87EE28A1B8B400576E56 /* libsqlite3.tbd in Frameworks */ = {isa = PBXBuildFile; fileRef = 2A0D87EC28A1B88A00576E56 /* libsqlite3.tbd */; };
		2A0D87EF28A1B8BD00576E56 /* libxml2.tbd in Frameworks */ = {isa = PBXBuildFile; fileRef = 2A0D87EB28A1B87F00576E56 /* libxml2.tbd */; };
		2AC6EB06289BB82F0062C8F0 /* AppDelegate.swift in Sources */ = {isa = PBXBuildFile; fileRef = 2AC6EB05289BB82F0062C8F0 /* AppDelegate.swift */; };
		2AC6EB08289BB82F0062C8F0 /* SceneDelegate.swift in Sources */ = {isa = PBXBuildFile; fileRef = 2AC6EB07289BB82F0062C8F0 /* SceneDelegate.swift */; };
		2AC6EB0D289BB82F0062C8F0 /* Main.storyboard in Resources */ = {isa = PBXBuildFile; fileRef = 2AC6EB0B289BB82F0062C8F0 /* Main.storyboard */; };
		2AC6EB0F289BB8340062C8F0 /* Assets.xcassets in Resources */ = {isa = PBXBuildFile; fileRef = 2AC6EB0E289BB8340062C8F0 /* Assets.xcassets */; };
		2AC6EB12289BB8340062C8F0 /* LaunchScreen.storyboard in Resources */ = {isa = PBXBuildFile; fileRef = 2AC6EB10289BB8340062C8F0 /* LaunchScreen.storyboard */; };
		2AC6EB22289BBFD90062C8F0 /* WeatherVC.swift in Sources */ = {isa = PBXBuildFile; fileRef = 2AC6EB21289BBFD90062C8F0 /* WeatherVC.swift */; };
		2AC6EB24289BC0070062C8F0 /* WeatherViewModel.swift in Sources */ = {isa = PBXBuildFile; fileRef = 2AC6EB23289BC0070062C8F0 /* WeatherViewModel.swift */; };
		2AC6EB26289BC0110062C8F0 /* WeatherModel.swift in Sources */ = {isa = PBXBuildFile; fileRef = 2AC6EB25289BC0110062C8F0 /* WeatherModel.swift */; };
		2AC6EB28289BC0250062C8F0 /* WeatherFunction.swift in Sources */ = {isa = PBXBuildFile; fileRef = 2AC6EB27289BC0250062C8F0 /* WeatherFunction.swift */; };
		2AC6EB2A289BC0340062C8F0 /* WeatherEntity.swift in Sources */ = {isa = PBXBuildFile; fileRef = 2AC6EB29289BC0340062C8F0 /* WeatherEntity.swift */; };
		2AC6EB2C289E2D700062C8F0 /* WeatherRepository.swift in Sources */ = {isa = PBXBuildFile; fileRef = 2AC6EB2B289E2D700062C8F0 /* WeatherRepository.swift */; };
		2AC6EB2E289E2EE20062C8F0 /* ApiUrlUtils.swift in Sources */ = {isa = PBXBuildFile; fileRef = 2AC6EB2D289E2EE20062C8F0 /* ApiUrlUtils.swift */; };
		2AC6EB30289E31B00062C8F0 /* ErrorCase.swift in Sources */ = {isa = PBXBuildFile; fileRef = 2AC6EB2F289E31B00062C8F0 /* ErrorCase.swift */; };
		2AC6EB32289F7D1F0062C8F0 /* OtherLocationTableViewCell.swift in Sources */ = {isa = PBXBuildFile; fileRef = 2AC6EB31289F7D1F0062C8F0 /* OtherLocationTableViewCell.swift */; };
		2AC6EB34289F80E40062C8F0 /* LocationList.swift in Sources */ = {isa = PBXBuildFile; fileRef = 2AC6EB33289F80E40062C8F0 /* LocationList.swift */; };
		47606A1ECA9C872E00149C53 /* Pods_LocationWeather.framework in Frameworks */ = {isa = PBXBuildFile; fileRef = 83B50FB540CAAAE734C95B9B /* Pods_LocationWeather.framework */; };
/* End PBXBuildFile section */

/* Begin PBXFileReference section */
		2A0D877D28A1522B00576E56 /* good.json */ = {isa = PBXFileReference; fileEncoding = 4; lastKnownFileType = text.json; path = good.json; sourceTree = "<group>"; };
		2A0D877F28A1526A00576E56 /* weather.json */ = {isa = PBXFileReference; fileEncoding = 4; lastKnownFileType = text.json; path = weather.json; sourceTree = "<group>"; };
		2A0D878128A1561600576E56 /* SplashVC.swift */ = {isa = PBXFileReference; lastKnownFileType = sourcecode.swift; path = SplashVC.swift; sourceTree = "<group>"; };
		2A0D878428A1667700576E56 /* KOTRA_GOTHIC.ttf */ = {isa = PBXFileReference; lastKnownFileType = file; path = KOTRA_GOTHIC.ttf; sourceTree = "<group>"; };
		2A0D878628A1754100576E56 /* DetailWeatherTableViewCell.swift */ = {isa = PBXFileReference; lastKnownFileType = sourcecode.swift; path = DetailWeatherTableViewCell.swift; sourceTree = "<group>"; };
		2A0D878828A175D300576E56 /* DetailWeatherVC.swift */ = {isa = PBXFileReference; lastKnownFileType = sourcecode.swift; path = DetailWeatherVC.swift; sourceTree = "<group>"; };
		2A0D878C28A188B500576E56 /* weather.csv */ = {isa = PBXFileReference; fileEncoding = 4; lastKnownFileType = text; path = weather.csv; sourceTree = "<group>"; };
		2A0D879228A18AAB00576E56 /* OtherLocationVC.swift */ = {isa = PBXFileReference; lastKnownFileType = sourcecode.swift; path = OtherLocationVC.swift; sourceTree = "<group>"; };
		2A0D879728A1A71E00576E56 /* OtherLocationDetailTableViewCell.swift */ = {isa = PBXFileReference; lastKnownFileType = sourcecode.swift; path = OtherLocationDetailTableViewCell.swift; sourceTree = "<group>"; };
		2A0D879A28A1AABD00576E56 /* OtherLocationSelectedVC.swift */ = {isa = PBXFileReference; lastKnownFileType = sourcecode.swift; path = OtherLocationSelectedVC.swift; sourceTree = "<group>"; };
		2A0D879C28A1B63A00576E56 /* Kakao-Map-Bridge-Header.h */ = {isa = PBXFileReference; lastKnownFileType = sourcecode.c.h; path = "Kakao-Map-Bridge-Header.h"; sourceTree = "<group>"; };
		2A0D87A128A1B80C00576E56 /* map_pinup_custom@3x.png */ = {isa = PBXFileReference; lastKnownFileType = image.png; path = "map_pinup_custom@3x.png"; sourceTree = "<group>"; };
		2A0D87A228A1B80C00576E56 /* map_pin_custom.png */ = {isa = PBXFileReference; lastKnownFileType = image.png; path = map_pin_custom.png; sourceTree = "<group>"; };
		2A0D87A328A1B80C00576E56 /* shadow_balloon.png */ = {isa = PBXFileReference; lastKnownFileType = image.png; path = shadow_balloon.png; sourceTree = "<group>"; };
		2A0D87A428A1B80C00576E56 /* map_pinup.png */ = {isa = PBXFileReference; lastKnownFileType = image.png; path = map_pinup.png; sourceTree = "<group>"; };
		2A0D87A528A1B80C00576E56 /* detail_button.png */ = {isa = PBXFileReference; lastKnownFileType = image.png; path = detail_button.png; sourceTree = "<group>"; };
		2A0D87A628A1B80C00576E56 /* map_pin_custom@3x.png */ = {isa = PBXFileReference; lastKnownFileType = image.png; path = "map_pin_custom@3x.png"; sourceTree = "<group>"; };
		2A0D87A728A1B80C00576E56 /* map_pinup@3x.png */ = {isa = PBXFileReference; lastKnownFileType = image.png; path = "map_pinup@3x.png"; sourceTree = "<group>"; };
		2A0D87A828A1B80C00576E56 /* map_pin_shadow@3x.png */ = {isa = PBXFileReference; lastKnownFileType = image.png; path = "map_pin_shadow@3x.png"; sourceTree = "<group>"; };
		2A0D87A928A1B80C00576E56 /* copyright.png */ = {isa = PBXFileReference; lastKnownFileType = image.png; path = copyright.png; sourceTree = "<group>"; };
		2A0D87AA28A1B80C00576E56 /* th_line.png */ = {isa = PBXFileReference; lastKnownFileType = image.png; path = th_line.png; sourceTree = "<group>"; };
		2A0D87AB28A1B80C00576E56 /* map_pin_red@3x.png */ = {isa = PBXFileReference; lastKnownFileType = image.png; path = "map_pin_red@3x.png"; sourceTree = "<group>"; };
		2A0D87AC28A1B80C00576E56 /* daum_copyright.png */ = {isa = PBXFileReference; lastKnownFileType = image.png; path = daum_copyright.png; sourceTree = "<group>"; };
		2A0D87AD28A1B80C00576E56 /* map_pin@3x.png */ = {isa = PBXFileReference; lastKnownFileType = image.png; path = "map_pin@3x.png"; sourceTree = "<group>"; };
		2A0D87AE28A1B80C00576E56 /* map_present_tracking.png */ = {isa = PBXFileReference; lastKnownFileType = image.png; path = map_present_tracking.png; sourceTree = "<group>"; };
		2A0D87AF28A1B80C00576E56 /* map_pin_red.png */ = {isa = PBXFileReference; lastKnownFileType = image.png; path = map_pin_red.png; sourceTree = "<group>"; };
		2A0D87B128A1B80C00576E56 /* MTMapPOIItem.h */ = {isa = PBXFileReference; fileEncoding = 4; lastKnownFileType = sourcecode.c.h; path = MTMapPOIItem.h; sourceTree = "<group>"; };
		2A0D87B228A1B80C00576E56 /* MTMapCameraUpdate.h */ = {isa = PBXFileReference; fileEncoding = 4; lastKnownFileType = sourcecode.c.h; path = MTMapCameraUpdate.h; sourceTree = "<group>"; };
		2A0D87B328A1B80C00576E56 /* MTMapReverseGeoCoder.h */ = {isa = PBXFileReference; fileEncoding = 4; lastKnownFileType = sourcecode.c.h; path = MTMapReverseGeoCoder.h; sourceTree = "<group>"; };
		2A0D87B428A1B80C00576E56 /* MTMapPolyline.h */ = {isa = PBXFileReference; fileEncoding = 4; lastKnownFileType = sourcecode.c.h; path = MTMapPolyline.h; sourceTree = "<group>"; };
		2A0D87B528A1B80C00576E56 /* MTMapLocationMarkerItem.h */ = {isa = PBXFileReference; fileEncoding = 4; lastKnownFileType = sourcecode.c.h; path = MTMapLocationMarkerItem.h; sourceTree = "<group>"; };
		2A0D87B628A1B80C00576E56 /* MTMapView.h */ = {isa = PBXFileReference; fileEncoding = 4; lastKnownFileType = sourcecode.c.h; path = MTMapView.h; sourceTree = "<group>"; };
		2A0D87B728A1B80C00576E56 /* MTMapGeometry.h */ = {isa = PBXFileReference; fileEncoding = 4; lastKnownFileType = sourcecode.c.h; path = MTMapGeometry.h; sourceTree = "<group>"; };
		2A0D87B828A1B80C00576E56 /* MTMapCircle.h */ = {isa = PBXFileReference; fileEncoding = 4; lastKnownFileType = sourcecode.c.h; path = MTMapCircle.h; sourceTree = "<group>"; };
		2A0D87B928A1B80C00576E56 /* info_box.png */ = {isa = PBXFileReference; lastKnownFileType = image.png; path = info_box.png; sourceTree = "<group>"; };
		2A0D87BA28A1B80C00576E56 /* point_sprite.png */ = {isa = PBXFileReference; lastKnownFileType = image.png; path = point_sprite.png; sourceTree = "<group>"; };
		2A0D87BB28A1B80C00576E56 /* map_pinup_custom.png */ = {isa = PBXFileReference; lastKnownFileType = image.png; path = map_pinup_custom.png; sourceTree = "<group>"; };
		2A0D87BC28A1B80C00576E56 /* info_box_tail.png */ = {isa = PBXFileReference; lastKnownFileType = image.png; path = info_box_tail.png; sourceTree = "<group>"; };
		2A0D87BD28A1B80C00576E56 /* noimage256.png */ = {isa = PBXFileReference; lastKnownFileType = image.png; path = noimage256.png; sourceTree = "<group>"; };
		2A0D87BE28A1B80C00576E56 /* map_present_direction.png */ = {isa = PBXFileReference; lastKnownFileType = image.png; path = map_present_direction.png; sourceTree = "<group>"; };
		2A0D87BF28A1B80C00576E56 /* map_pin.png */ = {isa = PBXFileReference; lastKnownFileType = image.png; path = map_pin.png; sourceTree = "<group>"; };
		2A0D87C028A1B80C00576E56 /* map_present.png */ = {isa = PBXFileReference; lastKnownFileType = image.png; path = map_present.png; sourceTree = "<group>"; };
		2A0D87C128A1B80C00576E56 /* noimage.png */ = {isa = PBXFileReference; lastKnownFileType = image.png; path = noimage.png; sourceTree = "<group>"; };
		2A0D87C228A1B80C00576E56 /* map_present_background_update.png */ = {isa = PBXFileReference; lastKnownFileType = image.png; path = map_present_background_update.png; sourceTree = "<group>"; };
		2A0D87C328A1B80C00576E56 /* daum_th_line.png */ = {isa = PBXFileReference; lastKnownFileType = image.png; path = daum_th_line.png; sourceTree = "<group>"; };
		2A0D87C428A1B80C00576E56 /* map_pin_shadow.png */ = {isa = PBXFileReference; lastKnownFileType = image.png; path = map_pin_shadow.png; sourceTree = "<group>"; };
		2A0D87C528A1B80C00576E56 /* DaumMap.framework */ = {isa = PBXFileReference; lastKnownFileType = wrapper.framework; path = DaumMap.framework; sourceTree = "<group>"; };
		2A0D87E228A1B83400576E56 /* OpenGLES.framework */ = {isa = PBXFileReference; lastKnownFileType = wrapper.framework; name = OpenGLES.framework; path = System/Library/Frameworks/OpenGLES.framework; sourceTree = SDKROOT; };
		2A0D87E428A1B84D00576E56 /* SystemConfiguration.framework */ = {isa = PBXFileReference; lastKnownFileType = wrapper.framework; name = SystemConfiguration.framework; path = System/Library/Frameworks/SystemConfiguration.framework; sourceTree = SDKROOT; };
		2A0D87E628A1B85C00576E56 /* CoreLocation.framework */ = {isa = PBXFileReference; lastKnownFileType = wrapper.framework; name = CoreLocation.framework; path = System/Library/Frameworks/CoreLocation.framework; sourceTree = SDKROOT; };
		2A0D87E828A1B86600576E56 /* QuartzCore.framework */ = {isa = PBXFileReference; lastKnownFileType = wrapper.framework; name = QuartzCore.framework; path = System/Library/Frameworks/QuartzCore.framework; sourceTree = SDKROOT; };
		2A0D87EA28A1B87200576E56 /* libc++.tbd */ = {isa = PBXFileReference; lastKnownFileType = "sourcecode.text-based-dylib-definition"; name = "libc++.tbd"; path = "usr/lib/libc++.tbd"; sourceTree = SDKROOT; };
		2A0D87EB28A1B87F00576E56 /* libxml2.tbd */ = {isa = PBXFileReference; lastKnownFileType = "sourcecode.text-based-dylib-definition"; name = libxml2.tbd; path = usr/lib/libxml2.tbd; sourceTree = SDKROOT; };
		2A0D87EC28A1B88A00576E56 /* libsqlite3.tbd */ = {isa = PBXFileReference; lastKnownFileType = "sourcecode.text-based-dylib-definition"; name = libsqlite3.tbd; path = usr/lib/libsqlite3.tbd; sourceTree = SDKROOT; };
		2AC6EB02289BB82F0062C8F0 /* LocationWeather.app */ = {isa = PBXFileReference; explicitFileType = wrapper.application; includeInIndex = 0; path = LocationWeather.app; sourceTree = BUILT_PRODUCTS_DIR; };
		2AC6EB05289BB82F0062C8F0 /* AppDelegate.swift */ = {isa = PBXFileReference; lastKnownFileType = sourcecode.swift; path = AppDelegate.swift; sourceTree = "<group>"; };
		2AC6EB07289BB82F0062C8F0 /* SceneDelegate.swift */ = {isa = PBXFileReference; lastKnownFileType = sourcecode.swift; path = SceneDelegate.swift; sourceTree = "<group>"; };
		2AC6EB0C289BB82F0062C8F0 /* Base */ = {isa = PBXFileReference; lastKnownFileType = file.storyboard; name = Base; path = Base.lproj/Main.storyboard; sourceTree = "<group>"; };
		2AC6EB0E289BB8340062C8F0 /* Assets.xcassets */ = {isa = PBXFileReference; lastKnownFileType = folder.assetcatalog; path = Assets.xcassets; sourceTree = "<group>"; };
		2AC6EB11289BB8340062C8F0 /* Base */ = {isa = PBXFileReference; lastKnownFileType = file.storyboard; name = Base; path = Base.lproj/LaunchScreen.storyboard; sourceTree = "<group>"; };
		2AC6EB13289BB8340062C8F0 /* Info.plist */ = {isa = PBXFileReference; lastKnownFileType = text.plist.xml; path = Info.plist; sourceTree = "<group>"; };
		2AC6EB1F289BBD680062C8F0 /* SuseongDotum.ttf */ = {isa = PBXFileReference; lastKnownFileType = file; path = SuseongDotum.ttf; sourceTree = "<group>"; };
		2AC6EB21289BBFD90062C8F0 /* WeatherVC.swift */ = {isa = PBXFileReference; lastKnownFileType = sourcecode.swift; path = WeatherVC.swift; sourceTree = "<group>"; };
		2AC6EB23289BC0070062C8F0 /* WeatherViewModel.swift */ = {isa = PBXFileReference; lastKnownFileType = sourcecode.swift; path = WeatherViewModel.swift; sourceTree = "<group>"; };
		2AC6EB25289BC0110062C8F0 /* WeatherModel.swift */ = {isa = PBXFileReference; lastKnownFileType = sourcecode.swift; path = WeatherModel.swift; sourceTree = "<group>"; };
		2AC6EB27289BC0250062C8F0 /* WeatherFunction.swift */ = {isa = PBXFileReference; lastKnownFileType = sourcecode.swift; path = WeatherFunction.swift; sourceTree = "<group>"; };
		2AC6EB29289BC0340062C8F0 /* WeatherEntity.swift */ = {isa = PBXFileReference; lastKnownFileType = sourcecode.swift; path = WeatherEntity.swift; sourceTree = "<group>"; };
		2AC6EB2B289E2D700062C8F0 /* WeatherRepository.swift */ = {isa = PBXFileReference; lastKnownFileType = sourcecode.swift; path = WeatherRepository.swift; sourceTree = "<group>"; };
		2AC6EB2D289E2EE20062C8F0 /* ApiUrlUtils.swift */ = {isa = PBXFileReference; lastKnownFileType = sourcecode.swift; path = ApiUrlUtils.swift; sourceTree = "<group>"; };
		2AC6EB2F289E31B00062C8F0 /* ErrorCase.swift */ = {isa = PBXFileReference; lastKnownFileType = sourcecode.swift; path = ErrorCase.swift; sourceTree = "<group>"; };
		2AC6EB31289F7D1F0062C8F0 /* OtherLocationTableViewCell.swift */ = {isa = PBXFileReference; lastKnownFileType = sourcecode.swift; path = OtherLocationTableViewCell.swift; sourceTree = "<group>"; };
		2AC6EB33289F80E40062C8F0 /* LocationList.swift */ = {isa = PBXFileReference; lastKnownFileType = sourcecode.swift; path = LocationList.swift; sourceTree = "<group>"; };
		6051F5C26E2DE4021B21817B /* Pods-LocationWeather.debug.xcconfig */ = {isa = PBXFileReference; includeInIndex = 1; lastKnownFileType = text.xcconfig; name = "Pods-LocationWeather.debug.xcconfig"; path = "Target Support Files/Pods-LocationWeather/Pods-LocationWeather.debug.xcconfig"; sourceTree = "<group>"; };
		83B50FB540CAAAE734C95B9B /* Pods_LocationWeather.framework */ = {isa = PBXFileReference; explicitFileType = wrapper.framework; includeInIndex = 0; path = Pods_LocationWeather.framework; sourceTree = BUILT_PRODUCTS_DIR; };
		D778C371AEB4CF2C36F2F123 /* Pods-LocationWeather.release.xcconfig */ = {isa = PBXFileReference; includeInIndex = 1; lastKnownFileType = text.xcconfig; name = "Pods-LocationWeather.release.xcconfig"; path = "Target Support Files/Pods-LocationWeather/Pods-LocationWeather.release.xcconfig"; sourceTree = "<group>"; };
/* End PBXFileReference section */

/* Begin PBXFrameworksBuildPhase section */
		2AC6EAFF289BB82F0062C8F0 /* Frameworks */ = {
			isa = PBXFrameworksBuildPhase;
			buildActionMask = 2147483647;
			files = (
				2A0D87EE28A1B8B400576E56 /* libsqlite3.tbd in Frameworks */,
				2A0D87E928A1B86600576E56 /* QuartzCore.framework in Frameworks */,
				2A0D87E328A1B83400576E56 /* OpenGLES.framework in Frameworks */,
				47606A1ECA9C872E00149C53 /* Pods_LocationWeather.framework in Frameworks */,
				2A0D87E128A1B80C00576E56 /* DaumMap.framework in Frameworks */,
				2A0D87E728A1B85C00576E56 /* CoreLocation.framework in Frameworks */,
				2A0D87ED28A1B8A800576E56 /* libc++.tbd in Frameworks */,
				2A0D87E528A1B84D00576E56 /* SystemConfiguration.framework in Frameworks */,
				2A0D877A28A13DEB00576E56 /* Lottie in Frameworks */,
				2A0D87EF28A1B8BD00576E56 /* libxml2.tbd in Frameworks */,
			);
			runOnlyForDeploymentPostprocessing = 0;
		};
/* End PBXFrameworksBuildPhase section */

/* Begin PBXGroup section */
		2A0D877B28A147A400576E56 /* Splash */ = {
			isa = PBXGroup;
			children = (
				2A0D878128A1561600576E56 /* SplashVC.swift */,
			);
			path = Splash;
			sourceTree = "<group>";
		};
		2A0D877C28A151FE00576E56 /* Lottie */ = {
			isa = PBXGroup;
			children = (
				2A0D877D28A1522B00576E56 /* good.json */,
				2A0D877F28A1526A00576E56 /* weather.json */,
			);
			path = Lottie;
			sourceTree = "<group>";
		};
		2A0D878B28A1882300576E56 /* Data */ = {
			isa = PBXGroup;
			children = (
				2A0D878C28A188B500576E56 /* weather.csv */,
			);
			path = Data;
			sourceTree = "<group>";
		};
		2A0D879428A1A6C200576E56 /* Main */ = {
			isa = PBXGroup;
			children = (
				2AC6EB21289BBFD90062C8F0 /* WeatherVC.swift */,
				2AC6EB31289F7D1F0062C8F0 /* OtherLocationTableViewCell.swift */,
				2AC6EB33289F80E40062C8F0 /* LocationList.swift */,
			);
			path = Main;
			sourceTree = "<group>";
		};
		2A0D879528A1A6CF00576E56 /* Detail */ = {
			isa = PBXGroup;
			children = (
				2A0D878828A175D300576E56 /* DetailWeatherVC.swift */,
				2A0D878628A1754100576E56 /* DetailWeatherTableViewCell.swift */,
			);
			path = Detail;
			sourceTree = "<group>";
		};
		2A0D879628A1A6D600576E56 /* Other */ = {
			isa = PBXGroup;
			children = (
				2A0D879228A18AAB00576E56 /* OtherLocationVC.swift */,
				2A0D879728A1A71E00576E56 /* OtherLocationDetailTableViewCell.swift */,
				2A0D879A28A1AABD00576E56 /* OtherLocationSelectedVC.swift */,
			);
			path = Other;
			sourceTree = "<group>";
		};
		2A0D879D28A1B66700576E56 /* Api */ = {
			isa = PBXGroup;
			children = (
				2A0D879E28A1B67600576E56 /* KakaoMap */,
			);
			path = Api;
			sourceTree = "<group>";
		};
		2A0D879E28A1B67600576E56 /* KakaoMap */ = {
			isa = PBXGroup;
			children = (
				2A0D879F28A1B80C00576E56 /* DaumMap.embeddedframework */,
				2A0D879C28A1B63A00576E56 /* Kakao-Map-Bridge-Header.h */,
			);
			path = KakaoMap;
			sourceTree = "<group>";
		};
		2A0D879F28A1B80C00576E56 /* DaumMap.embeddedframework */ = {
			isa = PBXGroup;
			children = (
				2A0D87A028A1B80C00576E56 /* Resources */,
				2A0D87C528A1B80C00576E56 /* DaumMap.framework */,
			);
			path = DaumMap.embeddedframework;
			sourceTree = "<group>";
		};
		2A0D87A028A1B80C00576E56 /* Resources */ = {
			isa = PBXGroup;
			children = (
				2A0D87A128A1B80C00576E56 /* map_pinup_custom@3x.png */,
				2A0D87A228A1B80C00576E56 /* map_pin_custom.png */,
				2A0D87A328A1B80C00576E56 /* shadow_balloon.png */,
				2A0D87A428A1B80C00576E56 /* map_pinup.png */,
				2A0D87A528A1B80C00576E56 /* detail_button.png */,
				2A0D87A628A1B80C00576E56 /* map_pin_custom@3x.png */,
				2A0D87A728A1B80C00576E56 /* map_pinup@3x.png */,
				2A0D87A828A1B80C00576E56 /* map_pin_shadow@3x.png */,
				2A0D87A928A1B80C00576E56 /* copyright.png */,
				2A0D87AA28A1B80C00576E56 /* th_line.png */,
				2A0D87AB28A1B80C00576E56 /* map_pin_red@3x.png */,
				2A0D87AC28A1B80C00576E56 /* daum_copyright.png */,
				2A0D87AD28A1B80C00576E56 /* map_pin@3x.png */,
				2A0D87AE28A1B80C00576E56 /* map_present_tracking.png */,
				2A0D87AF28A1B80C00576E56 /* map_pin_red.png */,
				2A0D87B028A1B80C00576E56 /* Headers */,
				2A0D87B928A1B80C00576E56 /* info_box.png */,
				2A0D87BA28A1B80C00576E56 /* point_sprite.png */,
				2A0D87BB28A1B80C00576E56 /* map_pinup_custom.png */,
				2A0D87BC28A1B80C00576E56 /* info_box_tail.png */,
				2A0D87BD28A1B80C00576E56 /* noimage256.png */,
				2A0D87BE28A1B80C00576E56 /* map_present_direction.png */,
				2A0D87BF28A1B80C00576E56 /* map_pin.png */,
				2A0D87C028A1B80C00576E56 /* map_present.png */,
				2A0D87C128A1B80C00576E56 /* noimage.png */,
				2A0D87C228A1B80C00576E56 /* map_present_background_update.png */,
				2A0D87C328A1B80C00576E56 /* daum_th_line.png */,
				2A0D87C428A1B80C00576E56 /* map_pin_shadow.png */,
			);
			path = Resources;
			sourceTree = "<group>";
		};
		2A0D87B028A1B80C00576E56 /* Headers */ = {
			isa = PBXGroup;
			children = (
				2A0D87B128A1B80C00576E56 /* MTMapPOIItem.h */,
				2A0D87B228A1B80C00576E56 /* MTMapCameraUpdate.h */,
				2A0D87B328A1B80C00576E56 /* MTMapReverseGeoCoder.h */,
				2A0D87B428A1B80C00576E56 /* MTMapPolyline.h */,
				2A0D87B528A1B80C00576E56 /* MTMapLocationMarkerItem.h */,
				2A0D87B628A1B80C00576E56 /* MTMapView.h */,
				2A0D87B728A1B80C00576E56 /* MTMapGeometry.h */,
				2A0D87B828A1B80C00576E56 /* MTMapCircle.h */,
			);
			path = Headers;
			sourceTree = "<group>";
		};
		2AC6EAF9289BB82F0062C8F0 = {
			isa = PBXGroup;
			children = (
				2AC6EB04289BB82F0062C8F0 /* LocationWeather */,
				2AC6EB03289BB82F0062C8F0 /* Products */,
				457CE14F15E2C98C8BE09490 /* Pods */,
				9577717309616A51253AD6E9 /* Frameworks */,
			);
			sourceTree = "<group>";
		};
		2AC6EB03289BB82F0062C8F0 /* Products */ = {
			isa = PBXGroup;
			children = (
				2AC6EB02289BB82F0062C8F0 /* LocationWeather.app */,
			);
			name = Products;
			sourceTree = "<group>";
		};
		2AC6EB04289BB82F0062C8F0 /* LocationWeather */ = {
			isa = PBXGroup;
			children = (
				2A0D877B28A147A400576E56 /* Splash */,
				2AC6EB1B289BBD1A0062C8F0 /* Model */,
				2AC6EB19289BBD080062C8F0 /* View */,
				2AC6EB1A289BBD100062C8F0 /* ViewModel */,
				2AC6EB1D289BBD260062C8F0 /* Style */,
				2AC6EB1C289BBD200062C8F0 /* Util */,
				2AC6EB05289BB82F0062C8F0 /* AppDelegate.swift */,
				2AC6EB07289BB82F0062C8F0 /* SceneDelegate.swift */,
				2AC6EB0B289BB82F0062C8F0 /* Main.storyboard */,
				2AC6EB0E289BB8340062C8F0 /* Assets.xcassets */,
				2AC6EB10289BB8340062C8F0 /* LaunchScreen.storyboard */,
				2AC6EB13289BB8340062C8F0 /* Info.plist */,
			);
			path = LocationWeather;
			sourceTree = "<group>";
		};
		2AC6EB19289BBD080062C8F0 /* View */ = {
			isa = PBXGroup;
			children = (
				2A0D879428A1A6C200576E56 /* Main */,
				2A0D879528A1A6CF00576E56 /* Detail */,
				2A0D879628A1A6D600576E56 /* Other */,
			);
			path = View;
			sourceTree = "<group>";
		};
		2AC6EB1A289BBD100062C8F0 /* ViewModel */ = {
			isa = PBXGroup;
			children = (
				2AC6EB23289BC0070062C8F0 /* WeatherViewModel.swift */,
			);
			path = ViewModel;
			sourceTree = "<group>";
		};
		2AC6EB1B289BBD1A0062C8F0 /* Model */ = {
			isa = PBXGroup;
			children = (
				2AC6EB25289BC0110062C8F0 /* WeatherModel.swift */,
				2AC6EB27289BC0250062C8F0 /* WeatherFunction.swift */,
				2AC6EB2B289E2D700062C8F0 /* WeatherRepository.swift */,
				2AC6EB29289BC0340062C8F0 /* WeatherEntity.swift */,
			);
			path = Model;
			sourceTree = "<group>";
		};
		2AC6EB1C289BBD200062C8F0 /* Util */ = {
			isa = PBXGroup;
			children = (
				2A0D879D28A1B66700576E56 /* Api */,
				2A0D878B28A1882300576E56 /* Data */,
				2AC6EB2D289E2EE20062C8F0 /* ApiUrlUtils.swift */,
				2AC6EB2F289E31B00062C8F0 /* ErrorCase.swift */,
			);
			path = Util;
			sourceTree = "<group>";
		};
		2AC6EB1D289BBD260062C8F0 /* Style */ = {
			isa = PBXGroup;
			children = (
				2A0D877C28A151FE00576E56 /* Lottie */,
				2AC6EB1E289BBD5E0062C8F0 /* Font */,
			);
			path = Style;
			sourceTree = "<group>";
		};
		2AC6EB1E289BBD5E0062C8F0 /* Font */ = {
			isa = PBXGroup;
			children = (
				2AC6EB1F289BBD680062C8F0 /* SuseongDotum.ttf */,
				2A0D878428A1667700576E56 /* KOTRA_GOTHIC.ttf */,
			);
			path = Font;
			sourceTree = "<group>";
		};
		457CE14F15E2C98C8BE09490 /* Pods */ = {
			isa = PBXGroup;
			children = (
				6051F5C26E2DE4021B21817B /* Pods-LocationWeather.debug.xcconfig */,
				D778C371AEB4CF2C36F2F123 /* Pods-LocationWeather.release.xcconfig */,
			);
			path = Pods;
			sourceTree = "<group>";
		};
		9577717309616A51253AD6E9 /* Frameworks */ = {
			isa = PBXGroup;
			children = (
				2A0D87EC28A1B88A00576E56 /* libsqlite3.tbd */,
				2A0D87EB28A1B87F00576E56 /* libxml2.tbd */,
				2A0D87EA28A1B87200576E56 /* libc++.tbd */,
				2A0D87E828A1B86600576E56 /* QuartzCore.framework */,
				2A0D87E628A1B85C00576E56 /* CoreLocation.framework */,
				2A0D87E428A1B84D00576E56 /* SystemConfiguration.framework */,
				2A0D87E228A1B83400576E56 /* OpenGLES.framework */,
				83B50FB540CAAAE734C95B9B /* Pods_LocationWeather.framework */,
			);
			name = Frameworks;
			sourceTree = "<group>";
		};
/* End PBXGroup section */

/* Begin PBXNativeTarget section */
		2AC6EB01289BB82F0062C8F0 /* LocationWeather */ = {
			isa = PBXNativeTarget;
			buildConfigurationList = 2AC6EB16289BB8340062C8F0 /* Build configuration list for PBXNativeTarget "LocationWeather" */;
			buildPhases = (
				7743B1AC4D4781E5B6EBEC6B /* [CP] Check Pods Manifest.lock */,
				2AC6EAFE289BB82F0062C8F0 /* Sources */,
				2AC6EAFF289BB82F0062C8F0 /* Frameworks */,
				2AC6EB00289BB82F0062C8F0 /* Resources */,
				1B8E1298200D664D0BBAEB00 /* [CP] Embed Pods Frameworks */,
			);
			buildRules = (
			);
			dependencies = (
			);
			name = LocationWeather;
			packageProductDependencies = (
				2A0D877928A13DEB00576E56 /* Lottie */,
			);
			productName = LocationWeather;
			productReference = 2AC6EB02289BB82F0062C8F0 /* LocationWeather.app */;
			productType = "com.apple.product-type.application";
		};
/* End PBXNativeTarget section */

/* Begin PBXProject section */
		2AC6EAFA289BB82F0062C8F0 /* Project object */ = {
			isa = PBXProject;
			attributes = {
				BuildIndependentTargetsInParallel = 1;
				LastSwiftUpdateCheck = 1330;
				LastUpgradeCheck = 1330;
				TargetAttributes = {
					2AC6EB01289BB82F0062C8F0 = {
						CreatedOnToolsVersion = 13.3;
					};
				};
			};
			buildConfigurationList = 2AC6EAFD289BB82F0062C8F0 /* Build configuration list for PBXProject "LocationWeather" */;
			compatibilityVersion = "Xcode 13.0";
			developmentRegion = en;
			hasScannedForEncodings = 0;
			knownRegions = (
				en,
				Base,
			);
			mainGroup = 2AC6EAF9289BB82F0062C8F0;
			packageReferences = (
				2A0D877828A13DEA00576E56 /* XCRemoteSwiftPackageReference "lottie-ios" */,
				2A0D878F28A18A5B00576E56 /* XCRemoteSwiftPackageReference "CoreXLSX" */,
			);
			productRefGroup = 2AC6EB03289BB82F0062C8F0 /* Products */;
			projectDirPath = "";
			projectRoot = "";
			targets = (
				2AC6EB01289BB82F0062C8F0 /* LocationWeather */,
			);
		};
/* End PBXProject section */

/* Begin PBXResourcesBuildPhase section */
		2AC6EB00289BB82F0062C8F0 /* Resources */ = {
			isa = PBXResourcesBuildPhase;
			buildActionMask = 2147483647;
			files = (
				2A0D87D628A1B80C00576E56 /* point_sprite.png in Resources */,
				2A0D87D128A1B80C00576E56 /* daum_copyright.png in Resources */,
				2A0D87DB28A1B80C00576E56 /* map_pin.png in Resources */,
				2A0D87CC28A1B80C00576E56 /* map_pinup@3x.png in Resources */,
				2A0D87CA28A1B80C00576E56 /* detail_button.png in Resources */,
				2A0D87D528A1B80C00576E56 /* info_box.png in Resources */,
				2A0D877E28A1522B00576E56 /* good.json in Resources */,
				2A0D87DC28A1B80C00576E56 /* map_present.png in Resources */,
				2AC6EB12289BB8340062C8F0 /* LaunchScreen.storyboard in Resources */,
				2A0D87D228A1B80C00576E56 /* map_pin@3x.png in Resources */,
				2AC6EB0F289BB8340062C8F0 /* Assets.xcassets in Resources */,
				2A0D87CE28A1B80C00576E56 /* copyright.png in Resources */,
				2A0D878D28A188B500576E56 /* weather.csv in Resources */,
				2A0D87D328A1B80C00576E56 /* map_present_tracking.png in Resources */,
				2A0D87C628A1B80C00576E56 /* map_pinup_custom@3x.png in Resources */,
				2A0D87D428A1B80C00576E56 /* map_pin_red.png in Resources */,
				2A0D87C928A1B80C00576E56 /* map_pinup.png in Resources */,
				2A0D87E028A1B80C00576E56 /* map_pin_shadow.png in Resources */,
				2A0D87CB28A1B80C00576E56 /* map_pin_custom@3x.png in Resources */,
				2A0D878328A1662000576E56 /* SuseongDotum.ttf in Resources */,
				2A0D87CF28A1B80C00576E56 /* th_line.png in Resources */,
				2A0D87D828A1B80C00576E56 /* info_box_tail.png in Resources */,
				2A0D87D728A1B80C00576E56 /* map_pinup_custom.png in Resources */,
				2A0D878028A1526A00576E56 /* weather.json in Resources */,
				2A0D87C728A1B80C00576E56 /* map_pin_custom.png in Resources */,
				2A0D87DF28A1B80C00576E56 /* daum_th_line.png in Resources */,
				2A0D87D928A1B80C00576E56 /* noimage256.png in Resources */,
				2A0D87CD28A1B80C00576E56 /* map_pin_shadow@3x.png in Resources */,
				2A0D878528A1667C00576E56 /* KOTRA_GOTHIC.ttf in Resources */,
				2A0D87DA28A1B80C00576E56 /* map_present_direction.png in Resources */,
				2A0D87C828A1B80C00576E56 /* shadow_balloon.png in Resources */,
				2A0D87DE28A1B80C00576E56 /* map_present_background_update.png in Resources */,
				2AC6EB0D289BB82F0062C8F0 /* Main.storyboard in Resources */,
				2A0D87DD28A1B80C00576E56 /* noimage.png in Resources */,
				2A0D87D028A1B80C00576E56 /* map_pin_red@3x.png in Resources */,
			);
			runOnlyForDeploymentPostprocessing = 0;
		};
/* End PBXResourcesBuildPhase section */

/* Begin PBXShellScriptBuildPhase section */
		1B8E1298200D664D0BBAEB00 /* [CP] Embed Pods Frameworks */ = {
			isa = PBXShellScriptBuildPhase;
			buildActionMask = 2147483647;
			files = (
			);
			inputFileListPaths = (
				"${PODS_ROOT}/Target Support Files/Pods-LocationWeather/Pods-LocationWeather-frameworks-${CONFIGURATION}-input-files.xcfilelist",
			);
			name = "[CP] Embed Pods Frameworks";
			outputFileListPaths = (
				"${PODS_ROOT}/Target Support Files/Pods-LocationWeather/Pods-LocationWeather-frameworks-${CONFIGURATION}-output-files.xcfilelist",
			);
			runOnlyForDeploymentPostprocessing = 0;
			shellPath = /bin/sh;
			shellScript = "\"${PODS_ROOT}/Target Support Files/Pods-LocationWeather/Pods-LocationWeather-frameworks.sh\"\n";
			showEnvVarsInLog = 0;
		};
		7743B1AC4D4781E5B6EBEC6B /* [CP] Check Pods Manifest.lock */ = {
			isa = PBXShellScriptBuildPhase;
			buildActionMask = 2147483647;
			files = (
			);
			inputFileListPaths = (
			);
			inputPaths = (
				"${PODS_PODFILE_DIR_PATH}/Podfile.lock",
				"${PODS_ROOT}/Manifest.lock",
			);
			name = "[CP] Check Pods Manifest.lock";
			outputFileListPaths = (
			);
			outputPaths = (
				"$(DERIVED_FILE_DIR)/Pods-LocationWeather-checkManifestLockResult.txt",
			);
			runOnlyForDeploymentPostprocessing = 0;
			shellPath = /bin/sh;
			shellScript = "diff \"${PODS_PODFILE_DIR_PATH}/Podfile.lock\" \"${PODS_ROOT}/Manifest.lock\" > /dev/null\nif [ $? != 0 ] ; then\n    # print error to STDERR\n    echo \"error: The sandbox is not in sync with the Podfile.lock. Run 'pod install' or update your CocoaPods installation.\" >&2\n    exit 1\nfi\n# This output is used by Xcode 'outputs' to avoid re-running this script phase.\necho \"SUCCESS\" > \"${SCRIPT_OUTPUT_FILE_0}\"\n";
			showEnvVarsInLog = 0;
		};
/* End PBXShellScriptBuildPhase section */

/* Begin PBXSourcesBuildPhase section */
		2AC6EAFE289BB82F0062C8F0 /* Sources */ = {
			isa = PBXSourcesBuildPhase;
			buildActionMask = 2147483647;
			files = (
				2AC6EB22289BBFD90062C8F0 /* WeatherVC.swift in Sources */,
				2AC6EB06289BB82F0062C8F0 /* AppDelegate.swift in Sources */,
				2AC6EB2C289E2D700062C8F0 /* WeatherRepository.swift in Sources */,
				2AC6EB28289BC0250062C8F0 /* WeatherFunction.swift in Sources */,
				2A0D879328A18AAB00576E56 /* OtherLocationVC.swift in Sources */,
				2A0D878728A1754100576E56 /* DetailWeatherTableViewCell.swift in Sources */,
				2A0D878928A175D300576E56 /* DetailWeatherVC.swift in Sources */,
				2AC6EB2A289BC0340062C8F0 /* WeatherEntity.swift in Sources */,
				2AC6EB08289BB82F0062C8F0 /* SceneDelegate.swift in Sources */,
				2A0D879B28A1AABD00576E56 /* OtherLocationSelectedVC.swift in Sources */,
				2AC6EB34289F80E40062C8F0 /* LocationList.swift in Sources */,
				2A0D879828A1A71E00576E56 /* OtherLocationDetailTableViewCell.swift in Sources */,
				2AC6EB32289F7D1F0062C8F0 /* OtherLocationTableViewCell.swift in Sources */,
				2A0D878228A1561600576E56 /* SplashVC.swift in Sources */,
				2AC6EB2E289E2EE20062C8F0 /* ApiUrlUtils.swift in Sources */,
				2AC6EB26289BC0110062C8F0 /* WeatherModel.swift in Sources */,
				2AC6EB30289E31B00062C8F0 /* ErrorCase.swift in Sources */,
				2AC6EB24289BC0070062C8F0 /* WeatherViewModel.swift in Sources */,
			);
			runOnlyForDeploymentPostprocessing = 0;
		};
/* End PBXSourcesBuildPhase section */

/* Begin PBXVariantGroup section */
		2AC6EB0B289BB82F0062C8F0 /* Main.storyboard */ = {
			isa = PBXVariantGroup;
			children = (
				2AC6EB0C289BB82F0062C8F0 /* Base */,
			);
			name = Main.storyboard;
			sourceTree = "<group>";
		};
		2AC6EB10289BB8340062C8F0 /* LaunchScreen.storyboard */ = {
			isa = PBXVariantGroup;
			children = (
				2AC6EB11289BB8340062C8F0 /* Base */,
			);
			name = LaunchScreen.storyboard;
			sourceTree = "<group>";
		};
/* End PBXVariantGroup section */

/* Begin XCBuildConfiguration section */
		2AC6EB14289BB8340062C8F0 /* Debug */ = {
			isa = XCBuildConfiguration;
			buildSettings = {
				ALWAYS_SEARCH_USER_PATHS = NO;
				CLANG_ANALYZER_NONNULL = YES;
				CLANG_ANALYZER_NUMBER_OBJECT_CONVERSION = YES_AGGRESSIVE;
				CLANG_CXX_LANGUAGE_STANDARD = "gnu++17";
				CLANG_ENABLE_MODULES = YES;
				CLANG_ENABLE_OBJC_ARC = YES;
				CLANG_ENABLE_OBJC_WEAK = YES;
				CLANG_WARN_BLOCK_CAPTURE_AUTORELEASING = YES;
				CLANG_WARN_BOOL_CONVERSION = YES;
				CLANG_WARN_COMMA = YES;
				CLANG_WARN_CONSTANT_CONVERSION = YES;
				CLANG_WARN_DEPRECATED_OBJC_IMPLEMENTATIONS = YES;
				CLANG_WARN_DIRECT_OBJC_ISA_USAGE = YES_ERROR;
				CLANG_WARN_DOCUMENTATION_COMMENTS = YES;
				CLANG_WARN_EMPTY_BODY = YES;
				CLANG_WARN_ENUM_CONVERSION = YES;
				CLANG_WARN_INFINITE_RECURSION = YES;
				CLANG_WARN_INT_CONVERSION = YES;
				CLANG_WARN_NON_LITERAL_NULL_CONVERSION = YES;
				CLANG_WARN_OBJC_IMPLICIT_RETAIN_SELF = YES;
				CLANG_WARN_OBJC_LITERAL_CONVERSION = YES;
				CLANG_WARN_OBJC_ROOT_CLASS = YES_ERROR;
				CLANG_WARN_QUOTED_INCLUDE_IN_FRAMEWORK_HEADER = YES;
				CLANG_WARN_RANGE_LOOP_ANALYSIS = YES;
				CLANG_WARN_STRICT_PROTOTYPES = YES;
				CLANG_WARN_SUSPICIOUS_MOVE = YES;
				CLANG_WARN_UNGUARDED_AVAILABILITY = YES_AGGRESSIVE;
				CLANG_WARN_UNREACHABLE_CODE = YES;
				CLANG_WARN__DUPLICATE_METHOD_MATCH = YES;
				COPY_PHASE_STRIP = NO;
				DEBUG_INFORMATION_FORMAT = dwarf;
				ENABLE_STRICT_OBJC_MSGSEND = YES;
				ENABLE_TESTABILITY = YES;
				GCC_C_LANGUAGE_STANDARD = gnu11;
				GCC_DYNAMIC_NO_PIC = NO;
				GCC_NO_COMMON_BLOCKS = YES;
				GCC_OPTIMIZATION_LEVEL = 0;
				GCC_PREPROCESSOR_DEFINITIONS = (
					"DEBUG=1",
					"$(inherited)",
				);
				GCC_WARN_64_TO_32_BIT_CONVERSION = YES;
				GCC_WARN_ABOUT_RETURN_TYPE = YES_ERROR;
				GCC_WARN_UNDECLARED_SELECTOR = YES;
				GCC_WARN_UNINITIALIZED_AUTOS = YES_AGGRESSIVE;
				GCC_WARN_UNUSED_FUNCTION = YES;
				GCC_WARN_UNUSED_VARIABLE = YES;
				IPHONEOS_DEPLOYMENT_TARGET = 15.4;
				MTL_ENABLE_DEBUG_INFO = INCLUDE_SOURCE;
				MTL_FAST_MATH = YES;
				ONLY_ACTIVE_ARCH = YES;
				SDKROOT = iphoneos;
				SWIFT_ACTIVE_COMPILATION_CONDITIONS = DEBUG;
				SWIFT_OPTIMIZATION_LEVEL = "-Onone";
			};
			name = Debug;
		};
		2AC6EB15289BB8340062C8F0 /* Release */ = {
			isa = XCBuildConfiguration;
			buildSettings = {
				ALWAYS_SEARCH_USER_PATHS = NO;
				CLANG_ANALYZER_NONNULL = YES;
				CLANG_ANALYZER_NUMBER_OBJECT_CONVERSION = YES_AGGRESSIVE;
				CLANG_CXX_LANGUAGE_STANDARD = "gnu++17";
				CLANG_ENABLE_MODULES = YES;
				CLANG_ENABLE_OBJC_ARC = YES;
				CLANG_ENABLE_OBJC_WEAK = YES;
				CLANG_WARN_BLOCK_CAPTURE_AUTORELEASING = YES;
				CLANG_WARN_BOOL_CONVERSION = YES;
				CLANG_WARN_COMMA = YES;
				CLANG_WARN_CONSTANT_CONVERSION = YES;
				CLANG_WARN_DEPRECATED_OBJC_IMPLEMENTATIONS = YES;
				CLANG_WARN_DIRECT_OBJC_ISA_USAGE = YES_ERROR;
				CLANG_WARN_DOCUMENTATION_COMMENTS = YES;
				CLANG_WARN_EMPTY_BODY = YES;
				CLANG_WARN_ENUM_CONVERSION = YES;
				CLANG_WARN_INFINITE_RECURSION = YES;
				CLANG_WARN_INT_CONVERSION = YES;
				CLANG_WARN_NON_LITERAL_NULL_CONVERSION = YES;
				CLANG_WARN_OBJC_IMPLICIT_RETAIN_SELF = YES;
				CLANG_WARN_OBJC_LITERAL_CONVERSION = YES;
				CLANG_WARN_OBJC_ROOT_CLASS = YES_ERROR;
				CLANG_WARN_QUOTED_INCLUDE_IN_FRAMEWORK_HEADER = YES;
				CLANG_WARN_RANGE_LOOP_ANALYSIS = YES;
				CLANG_WARN_STRICT_PROTOTYPES = YES;
				CLANG_WARN_SUSPICIOUS_MOVE = YES;
				CLANG_WARN_UNGUARDED_AVAILABILITY = YES_AGGRESSIVE;
				CLANG_WARN_UNREACHABLE_CODE = YES;
				CLANG_WARN__DUPLICATE_METHOD_MATCH = YES;
				COPY_PHASE_STRIP = NO;
				DEBUG_INFORMATION_FORMAT = "dwarf-with-dsym";
				ENABLE_NS_ASSERTIONS = NO;
				ENABLE_STRICT_OBJC_MSGSEND = YES;
				GCC_C_LANGUAGE_STANDARD = gnu11;
				GCC_NO_COMMON_BLOCKS = YES;
				GCC_WARN_64_TO_32_BIT_CONVERSION = YES;
				GCC_WARN_ABOUT_RETURN_TYPE = YES_ERROR;
				GCC_WARN_UNDECLARED_SELECTOR = YES;
				GCC_WARN_UNINITIALIZED_AUTOS = YES_AGGRESSIVE;
				GCC_WARN_UNUSED_FUNCTION = YES;
				GCC_WARN_UNUSED_VARIABLE = YES;
				IPHONEOS_DEPLOYMENT_TARGET = 15.4;
				MTL_ENABLE_DEBUG_INFO = NO;
				MTL_FAST_MATH = YES;
				SDKROOT = iphoneos;
				SWIFT_COMPILATION_MODE = wholemodule;
				SWIFT_OPTIMIZATION_LEVEL = "-O";
				VALIDATE_PRODUCT = YES;
			};
			name = Release;
		};
		2AC6EB17289BB8340062C8F0 /* Debug */ = {
			isa = XCBuildConfiguration;
			baseConfigurationReference = 6051F5C26E2DE4021B21817B /* Pods-LocationWeather.debug.xcconfig */;
			buildSettings = {
				ASSETCATALOG_COMPILER_APPICON_NAME = AppIcon;
				ASSETCATALOG_COMPILER_GLOBAL_ACCENT_COLOR_NAME = AccentColor;
				CLANG_ENABLE_OBJC_ARC = NO;
				CODE_SIGN_STYLE = Automatic;
				CURRENT_PROJECT_VERSION = 1;
				DEVELOPMENT_TEAM = 68P2WV4DR3;
				FRAMEWORK_SEARCH_PATHS = (
					"$(inherited)",
					"$(PROJECT_DIR)/LocationWeather/Util/Api/KakaoMap/DaumMap.embeddedframework",
				);
				GENERATE_INFOPLIST_FILE = YES;
				INFOPLIST_FILE = LocationWeather/Info.plist;
				INFOPLIST_KEY_UIApplicationSupportsIndirectInputEvents = YES;
				INFOPLIST_KEY_UILaunchStoryboardName = LaunchScreen;
				INFOPLIST_KEY_UIMainStoryboardFile = Main;
				INFOPLIST_KEY_UISupportedInterfaceOrientations_iPad = "UIInterfaceOrientationPortrait UIInterfaceOrientationPortraitUpsideDown UIInterfaceOrientationLandscapeLeft UIInterfaceOrientationLandscapeRight";
				INFOPLIST_KEY_UISupportedInterfaceOrientations_iPhone = "UIInterfaceOrientationPortrait UIInterfaceOrientationLandscapeLeft UIInterfaceOrientationLandscapeRight";
				LD_RUNPATH_SEARCH_PATHS = (
					"$(inherited)",
					"@executable_path/Frameworks",
				);
				MARKETING_VERSION = 1.0;
				PRODUCT_BUNDLE_IDENTIFIER = com.lily.LocationWeather;
				PRODUCT_NAME = "$(TARGET_NAME)";
				SWIFT_EMIT_LOC_STRINGS = YES;
				SWIFT_OBJC_BRIDGING_HEADER = "/Users/lily/Projects/LocationWeather/LocationWeather/Util/Api/KakaoMap/Kakao-Map-Bridge-Header.h";
				SWIFT_VERSION = 5.0;
				TARGETED_DEVICE_FAMILY = "1,2";
			};
			name = Debug;
		};
		2AC6EB18289BB8340062C8F0 /* Release */ = {
			isa = XCBuildConfiguration;
			baseConfigurationReference = D778C371AEB4CF2C36F2F123 /* Pods-LocationWeather.release.xcconfig */;
			buildSettings = {
				ASSETCATALOG_COMPILER_APPICON_NAME = AppIcon;
				ASSETCATALOG_COMPILER_GLOBAL_ACCENT_COLOR_NAME = AccentColor;
				CLANG_ENABLE_OBJC_ARC = NO;
				CODE_SIGN_STYLE = Automatic;
				CURRENT_PROJECT_VERSION = 1;
				DEVELOPMENT_TEAM = 68P2WV4DR3;
				FRAMEWORK_SEARCH_PATHS = (
					"$(inherited)",
					"$(PROJECT_DIR)/LocationWeather/Util/Api/KakaoMap/DaumMap.embeddedframework",
				);
				GENERATE_INFOPLIST_FILE = YES;
				INFOPLIST_FILE = LocationWeather/Info.plist;
				INFOPLIST_KEY_UIApplicationSupportsIndirectInputEvents = YES;
				INFOPLIST_KEY_UILaunchStoryboardName = LaunchScreen;
				INFOPLIST_KEY_UIMainStoryboardFile = Main;
				INFOPLIST_KEY_UISupportedInterfaceOrientations_iPad = "UIInterfaceOrientationPortrait UIInterfaceOrientationPortraitUpsideDown UIInterfaceOrientationLandscapeLeft UIInterfaceOrientationLandscapeRight";
				INFOPLIST_KEY_UISupportedInterfaceOrientations_iPhone = "UIInterfaceOrientationPortrait UIInterfaceOrientationLandscapeLeft UIInterfaceOrientationLandscapeRight";
				LD_RUNPATH_SEARCH_PATHS = (
					"$(inherited)",
					"@executable_path/Frameworks",
				);
				MARKETING_VERSION = 1.0;
				PRODUCT_BUNDLE_IDENTIFIER = com.lily.LocationWeather;
				PRODUCT_NAME = "$(TARGET_NAME)";
				SWIFT_EMIT_LOC_STRINGS = YES;
				SWIFT_OBJC_BRIDGING_HEADER = "/Users/lily/Projects/LocationWeather/LocationWeather/Util/Api/KakaoMap/Kakao-Map-Bridge-Header.h";
				SWIFT_VERSION = 5.0;
				TARGETED_DEVICE_FAMILY = "1,2";
			};
			name = Release;
		};
/* End XCBuildConfiguration section */

/* Begin XCConfigurationList section */
		2AC6EAFD289BB82F0062C8F0 /* Build configuration list for PBXProject "LocationWeather" */ = {
			isa = XCConfigurationList;
			buildConfigurations = (
				2AC6EB14289BB8340062C8F0 /* Debug */,
				2AC6EB15289BB8340062C8F0 /* Release */,
			);
			defaultConfigurationIsVisible = 0;
			defaultConfigurationName = Release;
		};
		2AC6EB16289BB8340062C8F0 /* Build configuration list for PBXNativeTarget "LocationWeather" */ = {
			isa = XCConfigurationList;
			buildConfigurations = (
				2AC6EB17289BB8340062C8F0 /* Debug */,
				2AC6EB18289BB8340062C8F0 /* Release */,
			);
			defaultConfigurationIsVisible = 0;
			defaultConfigurationName = Release;
		};
/* End XCConfigurationList section */

/* Begin XCRemoteSwiftPackageReference section */
		2A0D877828A13DEA00576E56 /* XCRemoteSwiftPackageReference "lottie-ios" */ = {
			isa = XCRemoteSwiftPackageReference;
			repositoryURL = "https://github.com/airbnb/lottie-ios";
			requirement = {
				kind = upToNextMajorVersion;
				minimumVersion = 3.0.0;
			};
		};
		2A0D878F28A18A5B00576E56 /* XCRemoteSwiftPackageReference "CoreXLSX" */ = {
			isa = XCRemoteSwiftPackageReference;
			repositoryURL = "https://github.com/CoreOffice/CoreXLSX.git";
			requirement = {
				kind = upToNextMajorVersion;
				minimumVersion = 0.9.1;
			};
		};
/* End XCRemoteSwiftPackageReference section */

/* Begin XCSwiftPackageProductDependency section */
		2A0D877928A13DEB00576E56 /* Lottie */ = {
			isa = XCSwiftPackageProductDependency;
			package = 2A0D877828A13DEA00576E56 /* XCRemoteSwiftPackageReference "lottie-ios" */;
			productName = Lottie;
		};
/* End XCSwiftPackageProductDependency section */
	};
	rootObject = 2AC6EAFA289BB82F0062C8F0 /* Project object */;
}
